
Microsoft Visual Studio Solution File, Format Version 12.00
# Visual Studio Version 17
VisualStudioVersion = 17.8.34316.72
MinimumVisualStudioVersion = 10.0.40219.1
Project("{FAE04EC0-301F-11D3-BF4B-00C04F79EFBC}") = "Program_39", "Program_39.csproj", "{F388219D-C34A-4DB5-850A-7C1712F6886E}"
EndProject
Global
	GlobalSection(SolutionConfigurationPlatforms) = preSolution
		Debug|Any CPU = Debug|Any CPU
		Release|Any CPU = Release|Any CPU
	EndGlobalSection
	GlobalSection(ProjectConfigurationPlatforms) = postSolution
		{F388219D-C34A-4DB5-850A-7C1712F6886E}.Debug|Any CPU.ActiveCfg = Debug|Any CPU
		{F388219D-C34A-4DB5-850A-7C1712F6886E}.Debug|Any CPU.Build.0 = Debug|Any CPU
		{F388219D-C34A-4DB5-850A-7C1712F6886E}.Release|Any CPU.ActiveCfg = Release|Any CPU
		{F388219D-C34A-4DB5-850A-7C1712F6886E}.Release|Any CPU.Build.0 = Release|Any CPU
	EndGlobalSection
	GlobalSection(SolutionProperties) = preSolution
		HideSolutionNode = FALSE
	EndGlobalSection
	GlobalSection(ExtensibilityGlobals) = postSolution
		SolutionGuid = {4F836618-89CF-4A27-8FAC-588099B81B19}
	EndGlobalSection
EndGlobal
